
Microsoft Visual Studio Solution File, Format Version 10.00
# Visual Studio 2008
Project("{8BC9CEB8-8B4A-11D0-8D11-00A0C91BC942}") = "ListCtrlDemo", "ListCtrlDemo.vcproj", "{1D864F22-8626-467A-B8D3-19C100B82045}"
EndProject
Global
	GlobalSection(SolutionConfigurationPlatforms) = preSolution
		Debug|Win32 = Debug|Win32
		Release|Win32 = Release|Win32
	EndGlobalSection
	GlobalSection(ProjectConfigurationPlatforms) = postSolution
		{1D864F22-8626-467A-B8D3-19C100B82045}.Debug|Win32.ActiveCfg = Debug|Win32
		{1D864F22-8626-467A-B8D3-19C100B82045}.Debug|Win32.Build.0 = Debug|Win32
		{1D864F22-8626-467A-B8D3-19C100B82045}.Release|Win32.ActiveCfg = Release|Win32
		{1D864F22-8626-467A-B8D3-19C100B82045}.Release|Win32.Build.0 = Release|Win32
	EndGlobalSection
	GlobalSection(SolutionProperties) = preSolution
		HideSolutionNode = FALSE
	EndGlobalSection
EndGlobal
