
Microsoft Visual Studio Solution File, Format Version 12.00
# Visual Studio 2013
VisualStudioVersion = 12.0.21005.1
MinimumVisualStudioVersion = 10.0.40219.1
Project("{8BC9CEB8-8B4A-11D0-8D11-00A0C91BC942}") = "CppDLL", "CppDLL\CppDLL.vcxproj", "{622759C1-A9C2-494A-93CF-6BDDB10BC808}"
EndProject
Project("{8BC9CEB8-8B4A-11D0-8D11-00A0C91BC942}") = "DemoConsole", "DemoConsole\DemoConsole.vcxproj", "{DC582719-56D2-4240-BF43-41D505104F46}"
EndProject
Global
	GlobalSection(SolutionConfigurationPlatforms) = preSolution
		Debug|Win32 = Debug|Win32
		Release|Win32 = Release|Win32
	EndGlobalSection
	GlobalSection(ProjectConfigurationPlatforms) = postSolution
		{622759C1-A9C2-494A-93CF-6BDDB10BC808}.Debug|Win32.ActiveCfg = Debug|Win32
		{622759C1-A9C2-494A-93CF-6BDDB10BC808}.Debug|Win32.Build.0 = Debug|Win32
		{622759C1-A9C2-494A-93CF-6BDDB10BC808}.Release|Win32.ActiveCfg = Release|Win32
		{622759C1-A9C2-494A-93CF-6BDDB10BC808}.Release|Win32.Build.0 = Release|Win32
		{DC582719-56D2-4240-BF43-41D505104F46}.Debug|Win32.ActiveCfg = Debug|Win32
		{DC582719-56D2-4240-BF43-41D505104F46}.Debug|Win32.Build.0 = Debug|Win32
		{DC582719-56D2-4240-BF43-41D505104F46}.Release|Win32.ActiveCfg = Release|Win32
		{DC582719-56D2-4240-BF43-41D505104F46}.Release|Win32.Build.0 = Release|Win32
	EndGlobalSection
	GlobalSection(SolutionProperties) = preSolution
		HideSolutionNode = FALSE
	EndGlobalSection
EndGlobal
